
Microsoft Visual Studio Solution File, Format Version 12.00
# Visual Studio 15
VisualStudioVersion = 15.0.28307.421
MinimumVisualStudioVersion = 10.0.40219.1
Project("{FAE04EC0-301F-11D3-BF4B-00C04F79EFBC}") = "school.shell", "src\school.shell\school.shell.csproj", "{8CB1E716-0185-4567-B238-FF7FE9666DBD}"
EndProject
Project("{FAE04EC0-301F-11D3-BF4B-00C04F79EFBC}") = "school.shell.tests", "src\school.shell.tests\school.shell.tests.csproj", "{C94DFA65-7EAE-4074-ACAA-B8EDA24C516E}"
EndProject
Global
	GlobalSection(SolutionConfigurationPlatforms) = preSolution
		Debug|Any CPU = Debug|Any CPU
		Release|Any CPU = Release|Any CPU
	EndGlobalSection
	GlobalSection(ProjectConfigurationPlatforms) = postSolution
		{8CB1E716-0185-4567-B238-FF7FE9666DBD}.Debug|Any CPU.ActiveCfg = Debug|Any CPU
		{8CB1E716-0185-4567-B238-FF7FE9666DBD}.Debug|Any CPU.Build.0 = Debug|Any CPU
		{8CB1E716-0185-4567-B238-FF7FE9666DBD}.Release|Any CPU.ActiveCfg = Release|Any CPU
		{8CB1E716-0185-4567-B238-FF7FE9666DBD}.Release|Any CPU.Build.0 = Release|Any CPU
		{C94DFA65-7EAE-4074-ACAA-B8EDA24C516E}.Debug|Any CPU.ActiveCfg = Debug|Any CPU
		{C94DFA65-7EAE-4074-ACAA-B8EDA24C516E}.Debug|Any CPU.Build.0 = Debug|Any CPU
		{C94DFA65-7EAE-4074-ACAA-B8EDA24C516E}.Release|Any CPU.ActiveCfg = Release|Any CPU
		{C94DFA65-7EAE-4074-ACAA-B8EDA24C516E}.Release|Any CPU.Build.0 = Release|Any CPU
	EndGlobalSection
	GlobalSection(SolutionProperties) = preSolution
		HideSolutionNode = FALSE
	EndGlobalSection
	GlobalSection(ExtensibilityGlobals) = postSolution
		SolutionGuid = {A5D47EFE-1EF4-4C87-A528-12BE05F42FD3}
	EndGlobalSection
EndGlobal
